// !$*UTF8*$!
{
	archiveVersion = 1;
	classes = {
	};
	objectVersion = 77;
	objects = {

/* Begin PBXContainerItemProxy section */
		AFD19EB32D7C6E2700E81BDF /* PBXContainerItemProxy */ = {
			isa = PBXContainerItemProxy;
			containerPortal = AFD19E9A2D7C6E2500E81BDF /* Project object */;
			proxyType = 1;
			remoteGlobalIDString = AFD19EA12D7C6E2500E81BDF;
			remoteInfo = NoName;
		};
		AFD19EBD2D7C6E2700E81BDF /* PBXContainerItemProxy */ = {
			isa = PBXContainerItemProxy;
			containerPortal = AFD19E9A2D7C6E2500E81BDF /* Project object */;
			proxyType = 1;
			remoteGlobalIDString = AFD19EA12D7C6E2500E81BDF;
			remoteInfo = NoName;
		};
/* End PBXContainerItemProxy section */

/* Begin PBXFileReference section */
		AFD19EA22D7C6E2500E81BDF /* NoName.app */ = {isa = PBXFileReference; explicitFileType = wrapper.application; includeInIndex = 0; path = NoName.app; sourceTree = BUILT_PRODUCTS_DIR; };
		AFD19EB22D7C6E2700E81BDF /* NoNameTests.xctest */ = {isa = PBXFileReference; explicitFileType = wrapper.cfbundle; includeInIndex = 0; path = NoNameTests.xctest; sourceTree = BUILT_PRODUCTS_DIR; };
		AFD19EBC2D7C6E2700E81BDF /* NoNameUITests.xctest */ = {isa = PBXFileReference; explicitFileType = wrapper.cfbundle; includeInIndex = 0; path = NoNameUITests.xctest; sourceTree = BUILT_PRODUCTS_DIR; };
/* End PBXFileReference section */

/* Begin PBXFileSystemSynchronizedRootGroup section */
		AF01CACE2D8824B2009F51C4 /* NoName */ = {
			isa = PBXFileSystemSynchronizedRootGroup;
			path = NoName;
			sourceTree = "<group>";
		};
		AFD19EB52D7C6E2700E81BDF /* NoNameTests */ = {
			isa = PBXFileSystemSynchronizedRootGroup;
			path = NoNameTests;
			sourceTree = "<group>";
		};
		AFD19EBF2D7C6E2700E81BDF /* NoNameUITests */ = {
			isa = PBXFileSystemSynchronizedRootGroup;
			path = NoNameUITests;
			sourceTree = "<group>";
		};
/* End PBXFileSystemSynchronizedRootGroup section */

/* Begin PBXFrameworksBuildPhase section */
		AFD19E9F2D7C6E2500E81BDF /* Frameworks */ = {
			isa = PBXFrameworksBuildPhase;
			buildActionMask = 2147483647;
			files = (
			);
			runOnlyForDeploymentPostprocessing = 0;
		};
		AFD19EAF2D7C6E2700E81BDF /* Frameworks */ = {
			isa = PBXFrameworksBuildPhase;
			buildActionMask = 2147483647;
			files = (
			);
			runOnlyForDeploymentPostprocessing = 0;
		};
		AFD19EB92D7C6E2700E81BDF /* Frameworks */ = {
			isa = PBXFrameworksBuildPhase;
			buildActionMask = 2147483647;
			files = (
			);
			runOnlyForDeploymentPostprocessing = 0;
		};
/* End PBXFrameworksBuildPhase section */

/* Begin PBXGroup section */
		AFD19E992D7C6E2500E81BDF = {
			isa = PBXGroup;
			children = (
				AF01CACE2D8824B2009F51C4 /* NoName */,
				AFD19EB52D7C6E2700E81BDF /* NoNameTests */,
				AFD19EBF2D7C6E2700E81BDF /* NoNameUITests */,
				AFD19EA32D7C6E2500E81BDF /* Products */,
			);
			sourceTree = "<group>";
		};
		AFD19EA32D7C6E2500E81BDF /* Products */ = {
			isa = PBXGroup;
			children = (
				AFD19EA22D7C6E2500E81BDF /* NoName.app */,
				AFD19EB22D7C6E2700E81BDF /* NoNameTests.xctest */,
				AFD19EBC2D7C6E2700E81BDF /* NoNameUITests.xctest */,
			);
			name = Products;
			sourceTree = "<group>";
		};
/* End PBXGroup section */

/* Begin PBXNativeTarget section */
		AFD19EA12D7C6E2500E81BDF /* NoName */ = {
			isa = PBXNativeTarget;
			buildConfigurationList = AFD19EC62D7C6E2700E81BDF /* Build configuration list for PBXNativeTarget "NoName" */;
			buildPhases = (
				AFD19E9E2D7C6E2500E81BDF /* Sources */,
				AFD19E9F2D7C6E2500E81BDF /* Frameworks */,
				AFD19EA02D7C6E2500E81BDF /* Resources */,
			);
			buildRules = (
			);
			dependencies = (
			);
			fileSystemSynchronizedGroups = (
				AF01CACE2D8824B2009F51C4 /* NoName */,
			);
			name = NoName;
			packageProductDependencies = (
			);
			productName = NoName;
			productReference = AFD19EA22D7C6E2500E81BDF /* NoName.app */;
			productType = "com.apple.product-type.application";
		};
		AFD19EB12D7C6E2700E81BDF /* NoNameTests */ = {
			isa = PBXNativeTarget;
			buildConfigurationList = AFD19EC92D7C6E2700E81BDF /* Build configuration list for PBXNativeTarget "NoNameTests" */;
			buildPhases = (
				AFD19EAE2D7C6E2700E81BDF /* Sources */,
				AFD19EAF2D7C6E2700E81BDF /* Frameworks */,
				AFD19EB02D7C6E2700E81BDF /* Resources */,
			);
			buildRules = (
			);
			dependencies = (
				AFD19EB42D7C6E2700E81BDF /* PBXTargetDependency */,
			);
			fileSystemSynchronizedGroups = (
				AFD19EB52D7C6E2700E81BDF /* NoNameTests */,
			);
			name = NoNameTests;
			packageProductDependencies = (
			);
			productName = NoNameTests;
			productReference = AFD19EB22D7C6E2700E81BDF /* NoNameTests.xctest */;
			productType = "com.apple.product-type.bundle.unit-test";
		};
		AFD19EBB2D7C6E2700E81BDF /* NoNameUITests */ = {
			isa = PBXNativeTarget;
			buildConfigurationList = AFD19ECC2D7C6E2700E81BDF /* Build configuration list for PBXNativeTarget "NoNameUITests" */;
			buildPhases = (
				AFD19EB82D7C6E2700E81BDF /* Sources */,
				AFD19EB92D7C6E2700E81BDF /* Frameworks */,
				AFD19EBA2D7C6E2700E81BDF /* Resources */,
			);
			buildRules = (
			);
			dependencies = (
				AFD19EBE2D7C6E2700E81BDF /* PBXTargetDependency */,
			);
			fileSystemSynchronizedGroups = (
				AFD19EBF2D7C6E2700E81BDF /* NoNameUITests */,
			);
			name = NoNameUITests;
			packageProductDependencies = (
			);
			productName = NoNameUITests;
			productReference = AFD19EBC2D7C6E2700E81BDF /* NoNameUITests.xctest */;
			productType = "com.apple.product-type.bundle.ui-testing";
		};
/* End PBXNativeTarget section */

/* Begin PBXProject section */
		AFD19E9A2D7C6E2500E81BDF /* Project object */ = {
			isa = PBXProject;
			attributes = {
				BuildIndependentTargetsInParallel = 1;
				LastSwiftUpdateCheck = 1620;
				LastUpgradeCheck = 1620;
				TargetAttributes = {
					AFD19EA12D7C6E2500E81BDF = {
						CreatedOnToolsVersion = 16.2;
					};
					AFD19EB12D7C6E2700E81BDF = {
						CreatedOnToolsVersion = 16.2;
						TestTargetID = AFD19EA12D7C6E2500E81BDF;
					};
					AFD19EBB2D7C6E2700E81BDF = {
						CreatedOnToolsVersion = 16.2;
						TestTargetID = AFD19EA12D7C6E2500E81BDF;
					};
				};
			};
			buildConfigurationList = AFD19E9D2D7C6E2500E81BDF /* Build configuration list for PBXProject "NoName" */;
			developmentRegion = en;
			hasScannedForEncodings = 0;
			knownRegions = (
				en,
				Base,
			);
			mainGroup = AFD19E992D7C6E2500E81BDF;
			minimizedProjectReferenceProxies = 1;
			preferredProjectObjectVersion = 77;
			productRefGroup = AFD19EA32D7C6E2500E81BDF /* Products */;
			projectDirPath = "";
			projectRoot = "";
			targets = (
				AFD19EA12D7C6E2500E81BDF /* NoName */,
				AFD19EB12D7C6E2700E81BDF /* NoNameTests */,
				AFD19EBB2D7C6E2700E81BDF /* NoNameUITests */,
			);
		};
/* End PBXProject section */

/* Begin PBXResourcesBuildPhase section */
		AFD19EA02D7C6E2500E81BDF /* Resources */ = {
			isa = PBXResourcesBuildPhase;
			buildActionMask = 2147483647;
			files = (
			);
			runOnlyForDeploymentPostprocessing = 0;
		};
		AFD19EB02D7C6E2700E81BDF /* Resources */ = {
			isa = PBXResourcesBuildPhase;
			buildActionMask = 2147483647;
			files = (
			);
			runOnlyForDeploymentPostprocessing = 0;
		};
		AFD19EBA2D7C6E2700E81BDF /* Resources */ = {
			isa = PBXResourcesBuildPhase;
			buildActionMask = 2147483647;
			files = (
			);
			runOnlyForDeploymentPostprocessing = 0;
		};
/* End PBXResourcesBuildPhase section */

/* Begin PBXSourcesBuildPhase section */
		AFD19E9E2D7C6E2500E81BDF /* Sources */ = {
			isa = PBXSourcesBuildPhase;
			buildActionMask = 2147483647;
			files = (
			);
			runOnlyForDeploymentPostprocessing = 0;
		};
		AFD19EAE2D7C6E2700E81BDF /* Sources */ = {
			isa = PBXSourcesBuildPhase;
			buildActionMask = 2147483647;
			files = (
			);
			runOnlyForDeploymentPostprocessing = 0;
		};
		AFD19EB82D7C6E2700E81BDF /* Sources */ = {
			isa = PBXSourcesBuildPhase;
			buildActionMask = 2147483647;
			files = (
			);
			runOnlyForDeploymentPostprocessing = 0;
		};
/* End PBXSourcesBuildPhase section */

/* Begin PBXTargetDependency section */
		AFD19EB42D7C6E2700E81BDF /* PBXTargetDependency */ = {
			isa = PBXTargetDependency;
			target = AFD19EA12D7C6E2500E81BDF /* NoName */;
			targetProxy = AFD19EB32D7C6E2700E81BDF /* PBXContainerItemProxy */;
		};
		AFD19EBE2D7C6E2700E81BDF /* PBXTargetDependency */ = {
			isa = PBXTargetDependency;
			target = AFD19EA12D7C6E2500E81BDF /* NoName */;
			targetProxy = AFD19EBD2D7C6E2700E81BDF /* PBXContainerItemProxy */;
		};
/* End PBXTargetDependency section */

/* Begin XCBuildConfiguration section */
		AFD19EC42D7C6E2700E81BDF /* Debug */ = {
			isa = XCBuildConfiguration;
			buildSettings = {
				ALWAYS_SEARCH_USER_PATHS = NO;
				ASSETCATALOG_COMPILER_GENERATE_SWIFT_ASSET_SYMBOL_EXTENSIONS = YES;
				CLANG_ANALYZER_NONNULL = YES;
				CLANG_ANALYZER_NUMBER_OBJECT_CONVERSION = YES_AGGRESSIVE;
				CLANG_CXX_LANGUAGE_STANDARD = "gnu++20";
				CLANG_ENABLE_MODULES = YES;
				CLANG_ENABLE_OBJC_ARC = YES;
				CLANG_ENABLE_OBJC_WEAK = YES;
				CLANG_WARN_BLOCK_CAPTURE_AUTORELEASING = YES;
				CLANG_WARN_BOOL_CONVERSION = YES;
				CLANG_WARN_COMMA = YES;
				CLANG_WARN_CONSTANT_CONVERSION = YES;
				CLANG_WARN_DEPRECATED_OBJC_IMPLEMENTATIONS = YES;
				CLANG_WARN_DIRECT_OBJC_ISA_USAGE = YES_ERROR;
				CLANG_WARN_DOCUMENTATION_COMMENTS = YES;
				CLANG_WARN_EMPTY_BODY = YES;
				CLANG_WARN_ENUM_CONVERSION = YES;
				CLANG_WARN_INFINITE_RECURSION = YES;
				CLANG_WARN_INT_CONVERSION = YES;
				CLANG_WARN_NON_LITERAL_NULL_CONVERSION = YES;
				CLANG_WARN_OBJC_IMPLICIT_RETAIN_SELF = YES;
				CLANG_WARN_OBJC_LITERAL_CONVERSION = YES;
				CLANG_WARN_OBJC_ROOT_CLASS = YES_ERROR;
				CLANG_WARN_QUOTED_INCLUDE_IN_FRAMEWORK_HEADER = YES;
				CLANG_WARN_RANGE_LOOP_ANALYSIS = YES;
				CLANG_WARN_STRICT_PROTOTYPES = YES;
				CLANG_WARN_SUSPICIOUS_MOVE = YES;
				CLANG_WARN_UNGUARDED_AVAILABILITY = YES_AGGRESSIVE;
				CLANG_WARN_UNREACHABLE_CODE = YES;
				CLANG_WARN__DUPLICATE_METHOD_MATCH = YES;
				COPY_PHASE_STRIP = NO;
				DEBUG_INFORMATION_FORMAT = dwarf;
				ENABLE_STRICT_OBJC_MSGSEND = YES;
				ENABLE_TESTABILITY = YES;
				ENABLE_USER_SCRIPT_SANDBOXING = YES;
				GCC_C_LANGUAGE_STANDARD = gnu17;
				GCC_DYNAMIC_NO_PIC = NO;
				GCC_NO_COMMON_BLOCKS = YES;
				GCC_OPTIMIZATION_LEVEL = 0;
				GCC_PREPROCESSOR_DEFINITIONS = (
					"DEBUG=1",
					"$(inherited)",
				);
				GCC_WARN_64_TO_32_BIT_CONVERSION = YES;
				GCC_WARN_ABOUT_RETURN_TYPE = YES_ERROR;
				GCC_WARN_UNDECLARED_SELECTOR = YES;
				GCC_WARN_UNINITIALIZED_AUTOS = YES_AGGRESSIVE;
				GCC_WARN_UNUSED_FUNCTION = YES;
				GCC_WARN_UNUSED_VARIABLE = YES;
				IPHONEOS_DEPLOYMENT_TARGET = 18.2;
				LOCALIZATION_PREFERS_STRING_CATALOGS = YES;
				MTL_ENABLE_DEBUG_INFO = INCLUDE_SOURCE;
				MTL_FAST_MATH = YES;
				ONLY_ACTIVE_ARCH = YES;
				SDKROOT = iphoneos;
				SWIFT_ACTIVE_COMPILATION_CONDITIONS = "DEBUG $(inherited)";
				SWIFT_OPTIMIZATION_LEVEL = "-Onone";
			};
			name = Debug;
		};
		AFD19EC52D7C6E2700E81BDF /* Release */ = {
			isa = XCBuildConfiguration;
			buildSettings = {
				ALWAYS_SEARCH_USER_PATHS = NO;
				ASSETCATALOG_COMPILER_GENERATE_SWIFT_ASSET_SYMBOL_EXTENSIONS = YES;
				CLANG_ANALYZER_NONNULL = YES;
				CLANG_ANALYZER_NUMBER_OBJECT_CONVERSION = YES_AGGRESSIVE;
				CLANG_CXX_LANGUAGE_STANDARD = "gnu++20";
				CLANG_ENABLE_MODULES = YES;
				CLANG_ENABLE_OBJC_ARC = YES;
				CLANG_ENABLE_OBJC_WEAK = YES;
				CLANG_WARN_BLOCK_CAPTURE_AUTORELEASING = YES;
				CLANG_WARN_BOOL_CONVERSION = YES;
				CLANG_WARN_COMMA = YES;
				CLANG_WARN_CONSTANT_CONVERSION = YES;
				CLANG_WARN_DEPRECATED_OBJC_IMPLEMENTATIONS = YES;
				CLANG_WARN_DIRECT_OBJC_ISA_USAGE = YES_ERROR;
				CLANG_WARN_DOCUMENTATION_COMMENTS = YES;
				CLANG_WARN_EMPTY_BODY = YES;
				CLANG_WARN_ENUM_CONVERSION = YES;
				CLANG_WARN_INFINITE_RECURSION = YES;
				CLANG_WARN_INT_CONVERSION = YES;
				CLANG_WARN_NON_LITERAL_NULL_CONVERSION = YES;
				CLANG_WARN_OBJC_IMPLICIT_RETAIN_SELF = YES;
				CLANG_WARN_OBJC_LITERAL_CONVERSION = YES;
				CLANG_WARN_OBJC_ROOT_CLASS = YES_ERROR;
				CLANG_WARN_QUOTED_INCLUDE_IN_FRAMEWORK_HEADER = YES;
				CLANG_WARN_RANGE_LOOP_ANALYSIS = YES;
				CLANG_WARN_STRICT_PROTOTYPES = YES;
				CLANG_WARN_SUSPICIOUS_MOVE = YES;
				CLANG_WARN_UNGUARDED_AVAILABILITY = YES_AGGRESSIVE;
				CLANG_WARN_UNREACHABLE_CODE = YES;
				CLANG_WARN__DUPLICATE_METHOD_MATCH = YES;
				COPY_PHASE_STRIP = NO;
				DEBUG_INFORMATION_FORMAT = "dwarf-with-dsym";
				ENABLE_NS_ASSERTIONS = NO;
				ENABLE_STRICT_OBJC_MSGSEND = YES;
				ENABLE_USER_SCRIPT_SANDBOXING = YES;
				GCC_C_LANGUAGE_STANDARD = gnu17;
				GCC_NO_COMMON_BLOCKS = YES;
				GCC_WARN_64_TO_32_BIT_CONVERSION = YES;
				GCC_WARN_ABOUT_RETURN_TYPE = YES_ERROR;
				GCC_WARN_UNDECLARED_SELECTOR = YES;
				GCC_WARN_UNINITIALIZED_AUTOS = YES_AGGRESSIVE;
				GCC_WARN_UNUSED_FUNCTION = YES;
				GCC_WARN_UNUSED_VARIABLE = YES;
				IPHONEOS_DEPLOYMENT_TARGET = 18.2;
				LOCALIZATION_PREFERS_STRING_CATALOGS = YES;
				MTL_ENABLE_DEBUG_INFO = NO;
				MTL_FAST_MATH = YES;
				SDKROOT = iphoneos;
				SWIFT_COMPILATION_MODE = wholemodule;
				VALIDATE_PRODUCT = YES;
			};
			name = Release;
		};
		AFD19EC72D7C6E2700E81BDF /* Debug */ = {
			isa = XCBuildConfiguration;
			buildSettings = {
				ASSETCATALOG_COMPILER_APPICON_NAME = AppIcon;
				ASSETCATALOG_COMPILER_GLOBAL_ACCENT_COLOR_NAME = AccentColor;
				CODE_SIGN_STYLE = Automatic;
				CURRENT_PROJECT_VERSION = 1;
				DEVELOPMENT_ASSET_PATHS = "\"NoName/Preview Content\"";
				ENABLE_PREVIEWS = YES;
				GENERATE_INFOPLIST_FILE = YES;
				INFOPLIST_KEY_UIApplicationSceneManifest_Generation = YES;
				INFOPLIST_KEY_UIApplicationSupportsIndirectInputEvents = YES;
				INFOPLIST_KEY_UILaunchScreen_Generation = YES;
				INFOPLIST_KEY_UISupportedInterfaceOrientations_iPad = "UIInterfaceOrientationPortrait UIInterfaceOrientationPortraitUpsideDown UIInterfaceOrientationLandscapeLeft UIInterfaceOrientationLandscapeRight";
				INFOPLIST_KEY_UISupportedInterfaceOrientations_iPhone = "UIInterfaceOrientationPortrait UIInterfaceOrientationLandscapeLeft UIInterfaceOrientationLandscapeRight";
				LD_RUNPATH_SEARCH_PATHS = (
					"$(inherited)",
					"@executable_path/Frameworks",
				);
				MARKETING_VERSION = 1.0;
				PRODUCT_BUNDLE_IDENTIFIER = gherti.NoName;
				PRODUCT_NAME = "$(TARGET_NAME)";
				SWIFT_EMIT_LOC_STRINGS = YES;
				SWIFT_VERSION = 5.0;
				TARGETED_DEVICE_FAMILY = "1,2";
			};
			name = Debug;
		};
		AFD19EC82D7C6E2700E81BDF /* Release */ = {
			isa = XCBuildConfiguration;
			buildSettings = {
				ASSETCATALOG_COMPILER_APPICON_NAME = AppIcon;
				ASSETCATALOG_COMPILER_GLOBAL_ACCENT_COLOR_NAME = AccentColor;
				CODE_SIGN_STYLE = Automatic;
				CURRENT_PROJECT_VERSION = 1;
				DEVELOPMENT_ASSET_PATHS = "\"NoName/Preview Content\"";
				ENABLE_PREVIEWS = YES;
				GENERATE_INFOPLIST_FILE = YES;
				INFOPLIST_KEY_UIApplicationSceneManifest_Generation = YES;
				INFOPLIST_KEY_UIApplicationSupportsIndirectInputEvents = YES;
				INFOPLIST_KEY_UILaunchScreen_Generation = YES;
				INFOPLIST_KEY_UISupportedInterfaceOrientations_iPad = "UIInterfaceOrientationPortrait UIInterfaceOrientationPortraitUpsideDown UIInterfaceOrientationLandscapeLeft UIInterfaceOrientationLandscapeRight";
				INFOPLIST_KEY_UISupportedInterfaceOrientations_iPhone = "UIInterfaceOrientationPortrait UIInterfaceOrientationLandscapeLeft UIInterfaceOrientationLandscapeRight";
				LD_RUNPATH_SEARCH_PATHS = (
					"$(inherited)",
					"@executable_path/Frameworks",
				);
				MARKETING_VERSION = 1.0;
				PRODUCT_BUNDLE_IDENTIFIER = gherti.NoName;
				PRODUCT_NAME = "$(TARGET_NAME)";
				SWIFT_EMIT_LOC_STRINGS = YES;
				SWIFT_VERSION = 5.0;
				TARGETED_DEVICE_FAMILY = "1,2";
			};
			name = Release;
		};
		AFD19ECA2D7C6E2700E81BDF /* Debug */ = {
			isa = XCBuildConfiguration;
			buildSettings = {
				BUNDLE_LOADER = "$(TEST_HOST)";
				CODE_SIGN_STYLE = Automatic;
				CURRENT_PROJECT_VERSION = 1;
				GENERATE_INFOPLIST_FILE = YES;
				IPHONEOS_DEPLOYMENT_TARGET = 18.2;
				MARKETING_VERSION = 1.0;
				PRODUCT_BUNDLE_IDENTIFIER = gherti.NoNameTests;
				PRODUCT_NAME = "$(TARGET_NAME)";
				SWIFT_EMIT_LOC_STRINGS = NO;
				SWIFT_VERSION = 5.0;
				TARGETED_DEVICE_FAMILY = "1,2";
				TEST_HOST = "$(BUILT_PRODUCTS_DIR)/NoName.app/$(BUNDLE_EXECUTABLE_FOLDER_PATH)/NoName";
			};
			name = Debug;
		};
		AFD19ECB2D7C6E2700E81BDF /* Release */ = {
			isa = XCBuildConfiguration;
			buildSettings = {
				BUNDLE_LOADER = "$(TEST_HOST)";
				CODE_SIGN_STYLE = Automatic;
				CURRENT_PROJECT_VERSION = 1;
				GENERATE_INFOPLIST_FILE = YES;
				IPHONEOS_DEPLOYMENT_TARGET = 18.2;
				MARKETING_VERSION = 1.0;
				PRODUCT_BUNDLE_IDENTIFIER = gherti.NoNameTests;
				PRODUCT_NAME = "$(TARGET_NAME)";
				SWIFT_EMIT_LOC_STRINGS = NO;
				SWIFT_VERSION = 5.0;
				TARGETED_DEVICE_FAMILY = "1,2";
				TEST_HOST = "$(BUILT_PRODUCTS_DIR)/NoName.app/$(BUNDLE_EXECUTABLE_FOLDER_PATH)/NoName";
			};
			name = Release;
		};
		AFD19ECD2D7C6E2700E81BDF /* Debug */ = {
			isa = XCBuildConfiguration;
			buildSettings = {
				CODE_SIGN_STYLE = Automatic;
				CURRENT_PROJECT_VERSION = 1;
				GENERATE_INFOPLIST_FILE = YES;
				MARKETING_VERSION = 1.0;
				PRODUCT_BUNDLE_IDENTIFIER = gherti.NoNameUITests;
				PRODUCT_NAME = "$(TARGET_NAME)";
				SWIFT_EMIT_LOC_STRINGS = NO;
				SWIFT_VERSION = 5.0;
				TARGETED_DEVICE_FAMILY = "1,2";
				TEST_TARGET_NAME = NoName;
			};
			name = Debug;
		};
		AFD19ECE2D7C6E2700E81BDF /* Release */ = {
			isa = XCBuildConfiguration;
			buildSettings = {
				CODE_SIGN_STYLE = Automatic;
				CURRENT_PROJECT_VERSION = 1;
				GENERATE_INFOPLIST_FILE = YES;
				MARKETING_VERSION = 1.0;
				PRODUCT_BUNDLE_IDENTIFIER = gherti.NoNameUITests;
				PRODUCT_NAME = "$(TARGET_NAME)";
				SWIFT_EMIT_LOC_STRINGS = NO;
				SWIFT_VERSION = 5.0;
				TARGETED_DEVICE_FAMILY = "1,2";
				TEST_TARGET_NAME = NoName;
			};
			name = Release;
		};
/* End XCBuildConfiguration section */

/* Begin XCConfigurationList section */
		AFD19E9D2D7C6E2500E81BDF /* Build configuration list for PBXProject "NoName" */ = {
			isa = XCConfigurationList;
			buildConfigurations = (
				AFD19EC42D7C6E2700E81BDF /* Debug */,
				AFD19EC52D7C6E2700E81BDF /* Release */,
			);
			defaultConfigurationIsVisible = 0;
			defaultConfigurationName = Release;
		};
		AFD19EC62D7C6E2700E81BDF /* Build configuration list for PBXNativeTarget "NoName" */ = {
			isa = XCConfigurationList;
			buildConfigurations = (
				AFD19EC72D7C6E2700E81BDF /* Debug */,
				AFD19EC82D7C6E2700E81BDF /* Release */,
			);
			defaultConfigurationIsVisible = 0;
			defaultConfigurationName = Release;
		};
		AFD19EC92D7C6E2700E81BDF /* Build configuration list for PBXNativeTarget "NoNameTests" */ = {
			isa = XCConfigurationList;
			buildConfigurations = (
				AFD19ECA2D7C6E2700E81BDF /* Debug */,
				AFD19ECB2D7C6E2700E81BDF /* Release */,
			);
			defaultConfigurationIsVisible = 0;
			defaultConfigurationName = Release;
		};
		AFD19ECC2D7C6E2700E81BDF /* Build configuration list for PBXNativeTarget "NoNameUITests" */ = {
			isa = XCConfigurationList;
			buildConfigurations = (
				AFD19ECD2D7C6E2700E81BDF /* Debug */,
				AFD19ECE2D7C6E2700E81BDF /* Release */,
			);
			defaultConfigurationIsVisible = 0;
			defaultConfigurationName = Release;
		};
/* End XCConfigurationList section */
	};
	rootObject = AFD19E9A2D7C6E2500E81BDF /* Project object */;
}
